{
  "version": 4,
  "terraform_version": "1.1.3",
  "serial": 43,
  "lineage": "d5967dca-d0bc-72a5-a419-8bce0802988b",
  "outputs": {
    "tls_private_key": {
      "value": "-----BEGIN RSA PRIVATE KEY-----\nMIIJJwIBAAKCAgEAv/gx71kG62azuOfcW88/pyBzQEH++4xuvLx1vLKD6Mpi4Kmx\nzH56EyUBz/8inpN+BCUrVodxtlfA2Tq4CM8h6qbLXrkiNnyrHXCmQy4m2KYqfVrU\nZX34Q/OIMlUiWyVmce6Lul97o+L8PtFrosKh2wpSomsePSF/dwMrnJtzZh7Tfmvl\nILYalPrP7iGEmaltUcCcHPju4jeTweKbUbQOsZIq8QaR97RR4vpqqwOhZ8rDASL6\n9FtJbxDySoBeNoVCm2ANZF0QA3BFoOmEz4tebyb0SLZp1ugLzyVrwamUG8pgYtIw\nfwwJGHwdNsXdsNF4FuNB8ZHan0f0W71XVyyFBU3xy4bT1tGefshKYsf6qHsy6TC3\nKG1Z0PukSkYRVPuRhLysNdaHCFU7qFUIIBEpeGSZkunvRUAOD1HhAEczZL1h0hp6\n2zeWcEaK/HaQqCHP8Tu6ReP5Lk2NoweSahovvOiehGmH8W0w3+264Re6eTTH7QWI\nFF4spgVPmcPOx9bYhLsp58j+/MF6dAPpSqbWVR4V6REfwU3vjoMaqUMynu0DvU3u\nJTVFs3/fMZsyv/2T74jn+jH33ZN3lAxwWBdHfLUhxZS1IcVGGoxHxUvQLdYps8ci\nC0o4D8t5ArusRkr0YOu5A0dTlNSCr1aamsvi4JlBjZaZEncAUrlRlGdM3MkCAwEA\nAQKCAgBWlKRA5RA/32Qzgy9ZoRF+WR5h3uIXpfDT4tPfNUxVE+KgnSh5qJl6RPia\nTOHaT39Ic1MmhZP9v3pU/yy9nF4ZrPyQTkNl+7hZYNM7/Xa7w8XqH6sn0zbDvvSw\nbsE+BpI71HDkr+fdtKQ72MwI7mt9lRxL8LAEtjT9AksLKPlVF5YfsJ34sOkwRCa/\nqhJaE5YghxRh5Mwo7xQPIBsZMHJoGBqR9nqjE4rTKkots0d6vnJQ8uvohbuLAkOk\n4lybjmLKHPotR+PPCTX+KxQhXyRKUXFf0hXOPX4GAUSmZctM9WufZllFE7KOfnvW\nlks0UmUtPXYic7v8lsFZFv5rbMLZJ2siXfG1tAB6v5fQGSfLc6zGfTLp1vRJJofs\nJCw6nVhh/eQOcRwBy5XRa/fDar4kUwHYNilJhX6mk5MGxg1cNzd3UbgHM4AiCyA/\nxCK3Uc/lzvs8tE3yrgkAvVVoFbu8aGUUdDg1ARR1oHACTI0B5QzZED0VznmosyOy\nco2v2MptNogcPY5g+SLQL0b50s9jfwYXZm261teRYJT9iVIkVSdPW+kl0cZvrf1q\n6x/4eXMU7Rv4sFml+Q6PNyqWPzWirButIx09Bc1MsjTPy2fpPxtu+1L2bVy5PslO\nEbQkSRjcfGlQAGzeuDREVR0/ja2nxmNneHVy5QWsYOrQaQ2MWQKCAQEA02+AaVHq\nYvDIlg3oSeRrnxO0C+mTV0xr2iXxh6PedYgfV8SgF2M0yPfM3Lu0OhJeuw5CvGmy\npx0bit1Lbkn1A6ApdLF6BI8tG5Wvtv16RuLkwzlG/ndQf8jxH2Wya8sQklCet/Xp\n7dKnCopjd/05Cf6d3YhaAgza9P1AIEOHm6HUs7xzDFvyeVdmIwPqgTO7ffCAA9ww\nxb+ADI3iX34/MvqrRhgZ0aGhvEX+BoerNKnQ3Djo0rbE3sr0c1LQL6C6GtgoxLko\ny6jrGQ/52PtnmoQCAZ1MQRcAnL1uDvQHHVovVxmtN3pDVg7hTxlI5rYMocAUehnM\nBOLi9Nis+AmGSwKCAQEA6G5bmKpWq358W50EFtCUylAj9e9rmfUTADEM9bc/Uowl\nt3FlGMJq6PUwoEjS2ViM5Q+Jr7eit6JT4JFTu0XhhnyKM+sUgIyt7c839XEYKeLH\ntmuoaZBJegmCD52FyMsYoeJSL8WabYf6qNXN5/FeShSfrR3DgnZOSZEpsJGfM/iA\nhi12WcaLoOD1trUJuuMjhX3Ia+sOXtY9nKekYbB6wUMB9nDIe/D3RnSparCO8ZcT\nU7puyULgu5BVnmZ2B81EiUqxayruVJXwxDgkIno+nHh7yj91/IsiGi8ph7fmg5hy\noWhey14zrHfRnsxM7uHYqSGh42EE+3j4d3Lqn3zMuwKCAQB06Gk7UuTjsjlm5uey\nu89aFR3vnEYw9fuIkoRbOJuPpyWVdQ4EAIG2QXYP8uWzWmbwzPDPly4GQwzwmm3T\n3KbSS2PAt0U9ciFB6GFRMBTFTz2oSGpd14E2NthEQQoHmi9eh59LHnkrW9eq91wK\ng4RfZ17ImFUUXyFOZx1m+Y/o2PFwNFn00n5e45mA8PBgYkdgWnOeLsj0/m8CAg3S\nOU8elAXR6w+Tnuh73sOXvrpGk0L+EaWCpTZz7gp+HaMpQpjEsRLRu4O4IH1lzTSb\n6l6dzDIDzILWVq6q+/7326x3aV9VrMffLgY/dljUUKnDj5OqeDeaT9tENGPDeG8j\ncrjDAoIBAHeE6Azk6pRdAk2JvCSPNTOjahp49vfAEfkzP9rKVAF6l5pw8O9+acNI\n8aw6RlIFOs4+4yo8X6vWCROdJ1VRZdrmB5sS8wP3UyjKOZg4g5hmSRQA4CUIUQA0\nC3FEKxtJdG0qF+EA15wjJD3VU4BFmZq2aDV47KQVecRSpQFqoFb1HgHhNs6LThl4\nFGHTTiGP0yA9weXchRM3T49SlTC2syjV8BhtfmpdSoosS0HVcGvCp+mSII3VmgJZ\nAe3l+iOg5fFDO2BEPzG3uIrt44bnHXMQcXdakq0+TlbwkYZ8hkh9B9T/+l7RHfk9\n08i4fYcJE4RFCx4FMa6uUfX6XbONVSkCggEASJeGXdP3OmSf0sLH5ZDFrw0P/B/F\n9119iPxlozfuyu1KQaZNTsGn8KOJ9k78GWBItpO8MZ6eLgAIZj5YvC5HSdGMw45F\nC4EU/DqpmuN0o3e0/lZq12HtypGsyuZlx+g6SDLzPWwNYsImHvyEGZlnRUxBWFBX\nU26rzPdnAXqkmvmObRw/7aAdeYEo6ZIk2MaTbraXtqFBZiQoPlZ41Bv0DYNDvcRc\naPaS4bT+cqTWYkjDBeUaJL/JrC+w588XwpvGjeuTNnH3N4IgwLIcaOgxTFWabYVR\nDgvBNOFpEnSCb4UBN1SrjKBqh5MpUUJZDMZ1+HHncbjvZ2zl321ki7+k4w==\n-----END RSA PRIVATE KEY-----\n",
      "type": "string",
      "sensitive": true
    }
  },
  "resources": [
    {
      "mode": "managed",
      "type": "azurerm_linux_virtual_machine",
      "name": "vm",
      "provider": "provider[\"registry.terraform.io/hashicorp/azurerm\"]",
      "instances": [
        {
          "schema_version": 0,
          "attributes": {
            "additional_capabilities": [],
            "admin_password": null,
            "admin_ssh_key": [
              {
                "public_key": "ssh-rsa AAAAB3NzaC1yc2EAAAADAQABAAACAQC/+DHvWQbrZrO459xbzz+nIHNAQf77jG68vHW8soPoymLgqbHMfnoTJQHP/yKek34EJStWh3G2V8DZOrgIzyHqpsteuSI2fKsdcKZDLibYpip9WtRlffhD84gyVSJbJWZx7ou6X3uj4vw+0WuiwqHbClKiax49IX93Ayucm3NmHtN+a+UgthqU+s/uIYSZqW1RwJwc+O7iN5PB4ptRtA6xkirxBpH3tFHi+mqrA6FnysMBIvr0W0lvEPJKgF42hUKbYA1kXRADcEWg6YTPi15vJvRItmnW6AvPJWvBqZQbymBi0jB/DAkYfB02xd2w0XgW40HxkdqfR/RbvVdXLIUFTfHLhtPW0Z5+yEpix/qoezLpMLcobVnQ+6RKRhFU+5GEvKw11ocIVTuoVQggESl4ZJmS6e9FQA4PUeEARzNkvWHSGnrbN5ZwRor8dpCoIc/xO7pF4/kuTY2jB5JqGi+86J6EaYfxbTDf7brhF7p5NMftBYgUXiymBU+Zw87H1tiEuynnyP78wXp0A+lKptZVHhXpER/BTe+OgxqpQzKe7QO9Te4lNUWzf98xmzK//ZPviOf6Mffdk3eUDHBYF0d8tSHFlLUhxUYajEfFS9At1imzxyILSjgPy3kCu6xGSvRg67kDR1OU1IKvVpqay+LgmUGNlpkSdwBSuVGUZ0zcyQ==\n",
                "username": "adminuser"
              }
            ],
            "admin_username": "adminuser",
            "allow_extension_operations": true,
            "availability_set_id": "",
            "boot_diagnostics": [],
            "computer_name": "terraform-vm",
            "custom_data": null,
            "dedicated_host_group_id": "",
            "dedicated_host_id": "",
            "disable_password_authentication": true,
            "edge_zone": "",
            "encryption_at_host_enabled": false,
            "eviction_policy": "",
            "extensions_time_budget": "PT1H30M",
            "id": "/subscriptions/d9492705-0414-41b9-9f17-f9b94cddaec3/resourceGroups/terraform-rg/providers/Microsoft.Compute/virtualMachines/terraform-vm",
            "identity": [],
            "license_type": "",
            "location": "westeurope",
            "max_bid_price": -1,
            "name": "terraform-vm",
            "network_interface_ids": [
              "/subscriptions/d9492705-0414-41b9-9f17-f9b94cddaec3/resourceGroups/terraform-rg/providers/Microsoft.Network/networkInterfaces/terraform-nic"
            ],
            "os_disk": [
              {
                "caching": "ReadWrite",
                "diff_disk_settings": [],
                "disk_encryption_set_id": "",
                "disk_size_gb": 30,
                "name": "terraform-vm_OsDisk_1_86496adb80cc4dbc9722692f9ae3a235",
                "storage_account_type": "Standard_LRS",
                "write_accelerator_enabled": false
              }
            ],
            "patch_mode": "ImageDefault",
            "plan": [],
            "platform_fault_domain": -1,
            "priority": "Regular",
            "private_ip_address": "10.0.2.4",
            "private_ip_addresses": [
              "10.0.2.4"
            ],
            "provision_vm_agent": true,
            "proximity_placement_group_id": "",
            "public_ip_address": "20.229.132.165",
            "public_ip_addresses": [
              "20.229.132.165"
            ],
            "resource_group_name": "terraform-rg",
            "secret": [],
            "secure_boot_enabled": false,
            "size": "Standard_F2",
            "source_image_id": "",
            "source_image_reference": [
              {
                "offer": "UbuntuServer",
                "publisher": "Canonical",
                "sku": "18.04-LTS",
                "version": "latest"
              }
            ],
            "tags": {},
            "termination_notification": [],
            "timeouts": null,
            "user_data": "",
            "virtual_machine_id": "aac5c6b3-2400-4df0-a039-8aea4b4e93f7",
            "virtual_machine_scale_set_id": "",
            "vtpm_enabled": false,
            "zone": ""
          },
          "sensitive_attributes": [],
          "private": "eyJlMmJmYjczMC1lY2FhLTExZTYtOGY4OC0zNDM2M2JjN2M0YzAiOnsiY3JlYXRlIjoyNzAwMDAwMDAwMDAwLCJkZWxldGUiOjI3MDAwMDAwMDAwMDAsInJlYWQiOjMwMDAwMDAwMDAwMCwidXBkYXRlIjoyNzAwMDAwMDAwMDAwfX0=",
          "dependencies": [
            "tls_private_key.ssh-key",
            "azurerm_network_interface.nic",
            "azurerm_public_ip.public_ip",
            "azurerm_resource_group.rg",
            "azurerm_subnet.subnet1",
            "azurerm_virtual_network.vnet"
          ]
        }
      ]
    },
    {
      "mode": "managed",
      "type": "azurerm_network_interface",
      "name": "nic",
      "provider": "provider[\"registry.terraform.io/hashicorp/azurerm\"]",
      "instances": [
        {
          "schema_version": 0,
          "attributes": {
            "applied_dns_servers": [],
            "dns_servers": [],
            "edge_zone": "",
            "enable_accelerated_networking": false,
            "enable_ip_forwarding": false,
            "id": "/subscriptions/d9492705-0414-41b9-9f17-f9b94cddaec3/resourceGroups/terraform-rg/providers/Microsoft.Network/networkInterfaces/terraform-nic",
            "internal_dns_name_label": "",
            "internal_domain_name_suffix": "ubteri5ad5zunjt3j0dimzn1ve.ax.internal.cloudapp.net",
            "ip_configuration": [
              {
                "gateway_load_balancer_frontend_ip_configuration_id": "",
                "name": "internal",
                "primary": true,
                "private_ip_address": "10.0.2.4",
                "private_ip_address_allocation": "Dynamic",
                "private_ip_address_version": "IPv4",
                "public_ip_address_id": "/subscriptions/d9492705-0414-41b9-9f17-f9b94cddaec3/resourceGroups/terraform-rg/providers/Microsoft.Network/publicIPAddresses/terraform-public-ip",
                "subnet_id": "/subscriptions/d9492705-0414-41b9-9f17-f9b94cddaec3/resourceGroups/terraform-rg/providers/Microsoft.Network/virtualNetworks/terraform-vnet/subnets/terraform-subnet-1"
              }
            ],
            "location": "westeurope",
            "mac_address": "00-0D-3A-2A-46-90",
            "name": "terraform-nic",
            "private_ip_address": "10.0.2.4",
            "private_ip_addresses": [
              "10.0.2.4"
            ],
            "resource_group_name": "terraform-rg",
            "tags": {},
            "timeouts": null,
            "virtual_machine_id": "/subscriptions/d9492705-0414-41b9-9f17-f9b94cddaec3/resourceGroups/terraform-rg/providers/Microsoft.Compute/virtualMachines/terraform-vm"
          },
          "sensitive_attributes": [],
          "private": "eyJlMmJmYjczMC1lY2FhLTExZTYtOGY4OC0zNDM2M2JjN2M0YzAiOnsiY3JlYXRlIjoxODAwMDAwMDAwMDAwLCJkZWxldGUiOjE4MDAwMDAwMDAwMDAsInJlYWQiOjMwMDAwMDAwMDAwMCwidXBkYXRlIjoxODAwMDAwMDAwMDAwfX0=",
          "dependencies": [
            "azurerm_subnet.subnet1",
            "azurerm_virtual_network.vnet",
            "azurerm_public_ip.public_ip",
            "azurerm_resource_group.rg"
          ]
        }
      ]
    },
    {
      "mode": "managed",
      "type": "azurerm_network_interface_security_group_association",
      "name": "example",
      "provider": "provider[\"registry.terraform.io/hashicorp/azurerm\"]",
      "instances": [
        {
          "schema_version": 0,
          "attributes": {
            "id": "/subscriptions/d9492705-0414-41b9-9f17-f9b94cddaec3/resourceGroups/terraform-rg/providers/Microsoft.Network/networkInterfaces/terraform-nic|/subscriptions/d9492705-0414-41b9-9f17-f9b94cddaec3/resourceGroups/terraform-rg/providers/Microsoft.Network/networkSecurityGroups/terraform-nsg",
            "network_interface_id": "/subscriptions/d9492705-0414-41b9-9f17-f9b94cddaec3/resourceGroups/terraform-rg/providers/Microsoft.Network/networkInterfaces/terraform-nic",
            "network_security_group_id": "/subscriptions/d9492705-0414-41b9-9f17-f9b94cddaec3/resourceGroups/terraform-rg/providers/Microsoft.Network/networkSecurityGroups/terraform-nsg",
            "timeouts": null
          },
          "sensitive_attributes": [],
          "private": "eyJlMmJmYjczMC1lY2FhLTExZTYtOGY4OC0zNDM2M2JjN2M0YzAiOnsiY3JlYXRlIjoxODAwMDAwMDAwMDAwLCJkZWxldGUiOjE4MDAwMDAwMDAwMDAsInJlYWQiOjMwMDAwMDAwMDAwMCwidXBkYXRlIjoxODAwMDAwMDAwMDAwfX0=",
          "dependencies": [
            "azurerm_network_security_group.nsg",
            "azurerm_public_ip.public_ip",
            "azurerm_resource_group.rg",
            "azurerm_subnet.subnet1",
            "azurerm_virtual_network.vnet",
            "azurerm_network_interface.nic"
          ]
        }
      ]
    },
    {
      "mode": "managed",
      "type": "azurerm_network_security_group",
      "name": "nsg",
      "provider": "provider[\"registry.terraform.io/hashicorp/azurerm\"]",
      "instances": [
        {
          "schema_version": 0,
          "attributes": {
            "id": "/subscriptions/d9492705-0414-41b9-9f17-f9b94cddaec3/resourceGroups/terraform-rg/providers/Microsoft.Network/networkSecurityGroups/terraform-nsg",
            "location": "westeurope",
            "name": "terraform-nsg",
            "resource_group_name": "terraform-rg",
            "security_rule": [
              {
                "access": "Allow",
                "description": "",
                "destination_address_prefix": "*",
                "destination_address_prefixes": [],
                "destination_application_security_group_ids": [],
                "destination_port_range": "22",
                "destination_port_ranges": [],
                "direction": "Inbound",
                "name": "securityRule22",
                "priority": 100,
                "protocol": "Tcp",
                "source_address_prefix": "*",
                "source_address_prefixes": [],
                "source_application_security_group_ids": [],
                "source_port_range": "*",
                "source_port_ranges": []
              }
            ],
            "tags": {
              "env": "test",
              "group": "terraform"
            },
            "timeouts": null
          },
          "sensitive_attributes": [],
          "private": "eyJlMmJmYjczMC1lY2FhLTExZTYtOGY4OC0zNDM2M2JjN2M0YzAiOnsiY3JlYXRlIjoxODAwMDAwMDAwMDAwLCJkZWxldGUiOjE4MDAwMDAwMDAwMDAsInJlYWQiOjMwMDAwMDAwMDAwMCwidXBkYXRlIjoxODAwMDAwMDAwMDAwfX0=",
          "dependencies": [
            "azurerm_resource_group.rg"
          ]
        }
      ]
    },
    {
      "mode": "managed",
      "type": "azurerm_public_ip",
      "name": "public_ip",
      "provider": "provider[\"registry.terraform.io/hashicorp/azurerm\"]",
      "instances": [
        {
          "schema_version": 0,
          "attributes": {
            "allocation_method": "Dynamic",
            "domain_name_label": null,
            "edge_zone": "",
            "fqdn": null,
            "id": "/subscriptions/d9492705-0414-41b9-9f17-f9b94cddaec3/resourceGroups/terraform-rg/providers/Microsoft.Network/publicIPAddresses/terraform-public-ip",
            "idle_timeout_in_minutes": 4,
            "ip_address": "20.229.132.165",
            "ip_tags": {},
            "ip_version": "IPv4",
            "location": "westeurope",
            "name": "terraform-public-ip",
            "public_ip_prefix_id": null,
            "resource_group_name": "terraform-rg",
            "reverse_fqdn": null,
            "sku": "Basic",
            "sku_tier": "Regional",
            "tags": {
              "env": "test",
              "group": "terraform"
            },
            "timeouts": null,
            "zones": []
          },
          "sensitive_attributes": [],
          "private": "eyJlMmJmYjczMC1lY2FhLTExZTYtOGY4OC0zNDM2M2JjN2M0YzAiOnsiY3JlYXRlIjoxODAwMDAwMDAwMDAwLCJkZWxldGUiOjE4MDAwMDAwMDAwMDAsInJlYWQiOjMwMDAwMDAwMDAwMCwidXBkYXRlIjoxODAwMDAwMDAwMDAwfX0=",
          "dependencies": [
            "azurerm_resource_group.rg"
          ]
        }
      ]
    },
    {
      "mode": "managed",
      "type": "azurerm_resource_group",
      "name": "rg",
      "provider": "provider[\"registry.terraform.io/hashicorp/azurerm\"]",
      "instances": [
        {
          "schema_version": 0,
          "attributes": {
            "id": "/subscriptions/d9492705-0414-41b9-9f17-f9b94cddaec3/resourceGroups/terraform-rg",
            "location": "westeurope",
            "name": "terraform-rg",
            "tags": {
              "env": "test",
              "group": "terraform"
            },
            "timeouts": null
          },
          "sensitive_attributes": [],
          "private": "eyJlMmJmYjczMC1lY2FhLTExZTYtOGY4OC0zNDM2M2JjN2M0YzAiOnsiY3JlYXRlIjo1NDAwMDAwMDAwMDAwLCJkZWxldGUiOjU0MDAwMDAwMDAwMDAsInJlYWQiOjMwMDAwMDAwMDAwMCwidXBkYXRlIjo1NDAwMDAwMDAwMDAwfX0="
        }
      ]
    },
    {
      "mode": "managed",
      "type": "azurerm_storage_account",
      "name": "storage_account",
      "provider": "provider[\"registry.terraform.io/hashicorp/azurerm\"]",
      "instances": [
        {
          "schema_version": 3,
          "attributes": {
            "access_tier": "Hot",
            "account_kind": "StorageV2",
            "account_replication_type": "LRS",
            "account_tier": "Standard",
            "allow_nested_items_to_be_public": true,
            "azure_files_authentication": [],
            "blob_properties": [
              {
                "change_feed_enabled": false,
                "container_delete_retention_policy": [],
                "cors_rule": [],
                "default_service_version": "",
                "delete_retention_policy": [],
                "last_access_time_enabled": false,
                "versioning_enabled": false
              }
            ],
            "custom_domain": [],
            "customer_managed_key": [],
            "edge_zone": "",
            "enable_https_traffic_only": true,
            "id": "/subscriptions/d9492705-0414-41b9-9f17-f9b94cddaec3/resourceGroups/terraform-rg/providers/Microsoft.Storage/storageAccounts/diagcef552fcb81c5fc2",
            "identity": [],
            "infrastructure_encryption_enabled": false,
            "is_hns_enabled": false,
            "large_file_share_enabled": null,
            "location": "westeurope",
            "min_tls_version": "TLS1_2",
            "name": "diagcef552fcb81c5fc2",
            "network_rules": [
              {
                "bypass": [
                  "AzureServices"
                ],
                "default_action": "Allow",
                "ip_rules": [],
                "private_link_access": [],
                "virtual_network_subnet_ids": []
              }
            ],
            "nfsv3_enabled": false,
            "primary_access_key": "MIvdBmYP8OH70jbQnKbgsJkxKn7ASbeXFkMDHYlFMeEtmVYAAvb2IFXAe5euTMgZOez7ARqDxwDtMrTr0HjfGA==",
            "primary_blob_connection_string": "DefaultEndpointsProtocol=https;BlobEndpoint=https://diagcef552fcb81c5fc2.blob.core.windows.net/;AccountName=diagcef552fcb81c5fc2;AccountKey=MIvdBmYP8OH70jbQnKbgsJkxKn7ASbeXFkMDHYlFMeEtmVYAAvb2IFXAe5euTMgZOez7ARqDxwDtMrTr0HjfGA==",
            "primary_blob_endpoint": "https://diagcef552fcb81c5fc2.blob.core.windows.net/",
            "primary_blob_host": "diagcef552fcb81c5fc2.blob.core.windows.net",
            "primary_connection_string": "DefaultEndpointsProtocol=https;AccountName=diagcef552fcb81c5fc2;AccountKey=MIvdBmYP8OH70jbQnKbgsJkxKn7ASbeXFkMDHYlFMeEtmVYAAvb2IFXAe5euTMgZOez7ARqDxwDtMrTr0HjfGA==;EndpointSuffix=core.windows.net",
            "primary_dfs_endpoint": "https://diagcef552fcb81c5fc2.dfs.core.windows.net/",
            "primary_dfs_host": "diagcef552fcb81c5fc2.dfs.core.windows.net",
            "primary_file_endpoint": "https://diagcef552fcb81c5fc2.file.core.windows.net/",
            "primary_file_host": "diagcef552fcb81c5fc2.file.core.windows.net",
            "primary_location": "westeurope",
            "primary_queue_endpoint": "https://diagcef552fcb81c5fc2.queue.core.windows.net/",
            "primary_queue_host": "diagcef552fcb81c5fc2.queue.core.windows.net",
            "primary_table_endpoint": "https://diagcef552fcb81c5fc2.table.core.windows.net/",
            "primary_table_host": "diagcef552fcb81c5fc2.table.core.windows.net",
            "primary_web_endpoint": "https://diagcef552fcb81c5fc2.z6.web.core.windows.net/",
            "primary_web_host": "diagcef552fcb81c5fc2.z6.web.core.windows.net",
            "queue_encryption_key_type": "Service",
            "queue_properties": [
              {
                "cors_rule": [],
                "hour_metrics": [
                  {
                    "enabled": true,
                    "include_apis": true,
                    "retention_policy_days": 7,
                    "version": "1.0"
                  }
                ],
                "logging": [
                  {
                    "delete": false,
                    "read": false,
                    "retention_policy_days": 0,
                    "version": "1.0",
                    "write": false
                  }
                ],
                "minute_metrics": [
                  {
                    "enabled": false,
                    "include_apis": false,
                    "retention_policy_days": 0,
                    "version": "1.0"
                  }
                ]
              }
            ],
            "resource_group_name": "terraform-rg",
            "routing": [],
            "secondary_access_key": "yHz3a5iN9A0UFNfQdLSqy7gk8oZsoBRNq7C+qHm1+aMouU4LaBeLWyHSzOtnVdGLEAor3k2AUbWpEMmwmZscfQ==",
            "secondary_blob_connection_string": "",
            "secondary_blob_endpoint": null,
            "secondary_blob_host": null,
            "secondary_connection_string": "DefaultEndpointsProtocol=https;AccountName=diagcef552fcb81c5fc2;AccountKey=yHz3a5iN9A0UFNfQdLSqy7gk8oZsoBRNq7C+qHm1+aMouU4LaBeLWyHSzOtnVdGLEAor3k2AUbWpEMmwmZscfQ==;EndpointSuffix=core.windows.net",
            "secondary_dfs_endpoint": null,
            "secondary_dfs_host": null,
            "secondary_file_endpoint": null,
            "secondary_file_host": null,
            "secondary_location": "",
            "secondary_queue_endpoint": null,
            "secondary_queue_host": null,
            "secondary_table_endpoint": null,
            "secondary_table_host": null,
            "secondary_web_endpoint": null,
            "secondary_web_host": null,
            "share_properties": [
              {
                "cors_rule": [],
                "retention_policy": [
                  {
                    "days": 7
                  }
                ],
                "smb": []
              }
            ],
            "shared_access_key_enabled": true,
            "static_website": [],
            "table_encryption_key_type": "Service",
            "tags": {
              "env": "test",
              "group": "terraform"
            },
            "timeouts": null
          },
          "sensitive_attributes": [],
          "private": "eyJlMmJmYjczMC1lY2FhLTExZTYtOGY4OC0zNDM2M2JjN2M0YzAiOnsiY3JlYXRlIjozNjAwMDAwMDAwMDAwLCJkZWxldGUiOjM2MDAwMDAwMDAwMDAsInJlYWQiOjMwMDAwMDAwMDAwMCwidXBkYXRlIjozNjAwMDAwMDAwMDAwfSwic2NoZW1hX3ZlcnNpb24iOiIzIn0=",
          "dependencies": [
            "azurerm_resource_group.rg",
            "random_id.randomId"
          ]
        }
      ]
    },
    {
      "mode": "managed",
      "type": "azurerm_subnet",
      "name": "subnet1",
      "provider": "provider[\"registry.terraform.io/hashicorp/azurerm\"]",
      "instances": [
        {
          "schema_version": 0,
          "attributes": {
            "address_prefixes": [
              "10.0.2.0/24"
            ],
            "delegation": [],
            "enforce_private_link_endpoint_network_policies": false,
            "enforce_private_link_service_network_policies": false,
            "id": "/subscriptions/d9492705-0414-41b9-9f17-f9b94cddaec3/resourceGroups/terraform-rg/providers/Microsoft.Network/virtualNetworks/terraform-vnet/subnets/terraform-subnet-1",
            "name": "terraform-subnet-1",
            "resource_group_name": "terraform-rg",
            "service_endpoint_policy_ids": [],
            "service_endpoints": [],
            "timeouts": null,
            "virtual_network_name": "terraform-vnet"
          },
          "sensitive_attributes": [],
          "private": "eyJlMmJmYjczMC1lY2FhLTExZTYtOGY4OC0zNDM2M2JjN2M0YzAiOnsiY3JlYXRlIjoxODAwMDAwMDAwMDAwLCJkZWxldGUiOjE4MDAwMDAwMDAwMDAsInJlYWQiOjMwMDAwMDAwMDAwMCwidXBkYXRlIjoxODAwMDAwMDAwMDAwfX0=",
          "dependencies": [
            "azurerm_virtual_network.vnet",
            "azurerm_resource_group.rg"
          ]
        }
      ]
    },
    {
      "mode": "managed",
      "type": "azurerm_virtual_network",
      "name": "vnet",
      "provider": "provider[\"registry.terraform.io/hashicorp/azurerm\"]",
      "instances": [
        {
          "schema_version": 0,
          "attributes": {
            "address_space": [
              "10.0.0.0/16"
            ],
            "bgp_community": "",
            "ddos_protection_plan": [],
            "dns_servers": [],
            "edge_zone": "",
            "flow_timeout_in_minutes": 0,
            "guid": "a34866a0-1fe0-46f3-a67d-4e868665bbac",
            "id": "/subscriptions/d9492705-0414-41b9-9f17-f9b94cddaec3/resourceGroups/terraform-rg/providers/Microsoft.Network/virtualNetworks/terraform-vnet",
            "location": "westeurope",
            "name": "terraform-vnet",
            "resource_group_name": "terraform-rg",
            "subnet": [
              {
                "address_prefix": "10.0.2.0/24",
                "id": "/subscriptions/d9492705-0414-41b9-9f17-f9b94cddaec3/resourceGroups/terraform-rg/providers/Microsoft.Network/virtualNetworks/terraform-vnet/subnets/terraform-subnet-1",
                "name": "terraform-subnet-1",
                "security_group": ""
              }
            ],
            "tags": {
              "env": "test",
              "group": "terraform"
            },
            "timeouts": null
          },
          "sensitive_attributes": [],
          "private": "eyJlMmJmYjczMC1lY2FhLTExZTYtOGY4OC0zNDM2M2JjN2M0YzAiOnsiY3JlYXRlIjoxODAwMDAwMDAwMDAwLCJkZWxldGUiOjE4MDAwMDAwMDAwMDAsInJlYWQiOjMwMDAwMDAwMDAwMCwidXBkYXRlIjoxODAwMDAwMDAwMDAwfX0=",
          "dependencies": [
            "azurerm_resource_group.rg"
          ]
        }
      ]
    },
    {
      "mode": "managed",
      "type": "random_id",
      "name": "randomId",
      "provider": "provider[\"registry.terraform.io/hashicorp/random\"]",
      "instances": [
        {
          "schema_version": 0,
          "attributes": {
            "b64_std": "zvVS/LgcX8I=",
            "b64_url": "zvVS_LgcX8I",
            "byte_length": 8,
            "dec": "14912916986481369026",
            "hex": "cef552fcb81c5fc2",
            "id": "zvVS_LgcX8I",
            "keepers": {
              "resource_group": "terraform-rg"
            },
            "prefix": null
          },
          "sensitive_attributes": [],
          "private": "bnVsbA==",
          "dependencies": [
            "azurerm_resource_group.rg"
          ]
        }
      ]
    },
    {
      "mode": "managed",
      "type": "tls_private_key",
      "name": "ssh-key",
      "provider": "provider[\"registry.terraform.io/hashicorp/tls\"]",
      "instances": [
        {
          "schema_version": 0,
          "attributes": {
            "algorithm": "RSA",
            "ecdsa_curve": "P224",
            "id": "5df89a5587e2dca89e4cbfc19acc2ac289ff10df",
            "private_key_openssh": "-----BEGIN OPENSSH PRIVATE KEY-----\nb3BlbnNzaC1rZXktdjEAAAAABG5vbmUAAAAEbm9uZQAAAAAAAAABAAACFwAAAAdz\nc2gtcnNhAAAAAwEAAQAAAgEAv/gx71kG62azuOfcW88/pyBzQEH++4xuvLx1vLKD\n6Mpi4KmxzH56EyUBz/8inpN+BCUrVodxtlfA2Tq4CM8h6qbLXrkiNnyrHXCmQy4m\n2KYqfVrUZX34Q/OIMlUiWyVmce6Lul97o+L8PtFrosKh2wpSomsePSF/dwMrnJtz\nZh7TfmvlILYalPrP7iGEmaltUcCcHPju4jeTweKbUbQOsZIq8QaR97RR4vpqqwOh\nZ8rDASL69FtJbxDySoBeNoVCm2ANZF0QA3BFoOmEz4tebyb0SLZp1ugLzyVrwamU\nG8pgYtIwfwwJGHwdNsXdsNF4FuNB8ZHan0f0W71XVyyFBU3xy4bT1tGefshKYsf6\nqHsy6TC3KG1Z0PukSkYRVPuRhLysNdaHCFU7qFUIIBEpeGSZkunvRUAOD1HhAEcz\nZL1h0hp62zeWcEaK/HaQqCHP8Tu6ReP5Lk2NoweSahovvOiehGmH8W0w3+264Re6\neTTH7QWIFF4spgVPmcPOx9bYhLsp58j+/MF6dAPpSqbWVR4V6REfwU3vjoMaqUMy\nnu0DvU3uJTVFs3/fMZsyv/2T74jn+jH33ZN3lAxwWBdHfLUhxZS1IcVGGoxHxUvQ\nLdYps8ciC0o4D8t5ArusRkr0YOu5A0dTlNSCr1aamsvi4JlBjZaZEncAUrlRlGdM\n3MkAAAc4Z7INPmeyDT4AAAAHc3NoLXJzYQAAAgEAv/gx71kG62azuOfcW88/pyBz\nQEH++4xuvLx1vLKD6Mpi4KmxzH56EyUBz/8inpN+BCUrVodxtlfA2Tq4CM8h6qbL\nXrkiNnyrHXCmQy4m2KYqfVrUZX34Q/OIMlUiWyVmce6Lul97o+L8PtFrosKh2wpS\nomsePSF/dwMrnJtzZh7TfmvlILYalPrP7iGEmaltUcCcHPju4jeTweKbUbQOsZIq\n8QaR97RR4vpqqwOhZ8rDASL69FtJbxDySoBeNoVCm2ANZF0QA3BFoOmEz4tebyb0\nSLZp1ugLzyVrwamUG8pgYtIwfwwJGHwdNsXdsNF4FuNB8ZHan0f0W71XVyyFBU3x\ny4bT1tGefshKYsf6qHsy6TC3KG1Z0PukSkYRVPuRhLysNdaHCFU7qFUIIBEpeGSZ\nkunvRUAOD1HhAEczZL1h0hp62zeWcEaK/HaQqCHP8Tu6ReP5Lk2NoweSahovvOie\nhGmH8W0w3+264Re6eTTH7QWIFF4spgVPmcPOx9bYhLsp58j+/MF6dAPpSqbWVR4V\n6REfwU3vjoMaqUMynu0DvU3uJTVFs3/fMZsyv/2T74jn+jH33ZN3lAxwWBdHfLUh\nxZS1IcVGGoxHxUvQLdYps8ciC0o4D8t5ArusRkr0YOu5A0dTlNSCr1aamsvi4JlB\njZaZEncAUrlRlGdM3MkAAAADAQABAAACAFaUpEDlED/fZDODL1mhEX5ZHmHe4hel\n8NPi0981TFUT4qCdKHmomXpE+JpM4dpPf0hzUyaFk/2/elT/LL2cXhms/JBOQ2X7\nuFlg0zv9drvDxeofqyfTNsO+9LBuwT4GkjvUcOSv5920pDvYzAjua32VHEvwsAS2\nNP0CSwso+VUXlh+wnfiw6TBEJr+qEloTliCHFGHkzCjvFA8gGxkwcmgYGpH2eqMT\nitMqSi2zR3q+clDy6+iFu4sCQ6TiXJuOYsoc+i1H488JNf4rFCFfJEpRcV/SFc49\nfgYBRKZly0z1a59mWUUTso5+e9aWSzRSZS09diJzu/yWwVkW/mtswtknayJd8bW0\nAHq/l9AZJ8tzrMZ9MunW9Ekmh+wkLDqdWGH95A5xHAHLldFr98NqviRTAdg2KUmF\nfqaTkwbGDVw3N3dRuAczgCILID/EIrdRz+XO+zy0TfKuCQC9VWgVu7xoZRR0ODUB\nFHWgcAJMjQHlDNkQPRXOeaizI7Jyja/Yym02iBw9jmD5ItAvRvnSz2N/BhdmbbrW\n15FglP2JUiRVJ09b6SXRxm+t/WrrH/h5cxTtG/iwWaX5Do83KpY/NaKsG60jHT0F\nzUyyNM/LZ+k/G277UvZtXLk+yU4RtCRJGNx8aVAAbN64NERVHT+NrafGY2d4dXLl\nBaxg6tBpDYxZAAABAEiXhl3T9zpkn9LCx+WQxa8ND/wfxfddfYj8ZaM37srtSkGm\nTU7Bp/CjifZO/BlgSLaTvDGeni4ACGY+WLwuR0nRjMOORQuBFPw6qZrjdKN3tP5W\natdh7cqRrMrmZcfoOkgy8z1sDWLCJh78hBmZZ0VMQVhQV1Nuq8z3ZwF6pJr5jm0c\nP+2gHXmBKOmSJNjGk262l7ahQWYkKD5WeNQb9A2DQ73EXGj2kuG0/nKk1mJIwwXl\nGiS/yawvsOfPF8Kbxo3rkzZx9zeCIMCyHGjoMUxVmm2FUQ4LwTThaRJ0gm+FATdU\nq4ygaoeTKVFCWQzGdfhx53G472ds5d9tZIu/pOMAAAEBANNvgGlR6mLwyJYN6Enk\na58TtAvpk1dMa9ol8Yej3nWIH1fEoBdjNMj3zNy7tDoSXrsOQrxpsqcdG4rdS25J\n9QOgKXSxegSPLRuVr7b9ekbi5MM5Rv53UH/I8R9lsmvLEJJQnrf16e3SpwqKY3f9\nOQn+nd2IWgIM2vT9QCBDh5uh1LO8cwxb8nlXZiMD6oEzu33wgAPcMMW/gAyN4l9+\nPzL6q0YYGdGhobxF/gaHqzSp0Nw46NK2xN7K9HNS0C+guhrYKMS5KMuo6xkP+dj7\nZ5qEAgGdTEEXAJy9bg70Bx1aL1cZrTd6Q1YO4U8ZSOa2DKHAFHoZzATi4vTYrPgJ\nhksAAAEBAOhuW5iqVqt+fFudBBbQlMpQI/Xva5n1EwAxDPW3P1KMJbdxZRjCauj1\nMKBI0tlYjOUPia+3oreiU+CRU7tF4YZ8ijPrFICMre3PN/VxGCnix7ZrqGmQSXoJ\ngg+dhcjLGKHiUi/Fmm2H+qjVzefxXkoUn60dw4J2TkmRKbCRnzP4gIYtdlnGi6Dg\n9ba1CbrjI4V9yGvrDl7WPZynpGGwesFDAfZwyHvw90Z0qWqwjvGXE1O6bslC4LuQ\nVZ5mdgfNRIlKsWsq7lSV8MQ4JCJ6Ppx4e8o/dfyLIhovKYe35oOYcqFoXsteM6x3\n0Z7MTO7h2KkhoeNhBPt4+Hdy6p98zLsAAAAAAQID\n-----END OPENSSH PRIVATE KEY-----\n",
            "private_key_pem": "-----BEGIN RSA PRIVATE KEY-----\nMIIJJwIBAAKCAgEAv/gx71kG62azuOfcW88/pyBzQEH++4xuvLx1vLKD6Mpi4Kmx\nzH56EyUBz/8inpN+BCUrVodxtlfA2Tq4CM8h6qbLXrkiNnyrHXCmQy4m2KYqfVrU\nZX34Q/OIMlUiWyVmce6Lul97o+L8PtFrosKh2wpSomsePSF/dwMrnJtzZh7Tfmvl\nILYalPrP7iGEmaltUcCcHPju4jeTweKbUbQOsZIq8QaR97RR4vpqqwOhZ8rDASL6\n9FtJbxDySoBeNoVCm2ANZF0QA3BFoOmEz4tebyb0SLZp1ugLzyVrwamUG8pgYtIw\nfwwJGHwdNsXdsNF4FuNB8ZHan0f0W71XVyyFBU3xy4bT1tGefshKYsf6qHsy6TC3\nKG1Z0PukSkYRVPuRhLysNdaHCFU7qFUIIBEpeGSZkunvRUAOD1HhAEczZL1h0hp6\n2zeWcEaK/HaQqCHP8Tu6ReP5Lk2NoweSahovvOiehGmH8W0w3+264Re6eTTH7QWI\nFF4spgVPmcPOx9bYhLsp58j+/MF6dAPpSqbWVR4V6REfwU3vjoMaqUMynu0DvU3u\nJTVFs3/fMZsyv/2T74jn+jH33ZN3lAxwWBdHfLUhxZS1IcVGGoxHxUvQLdYps8ci\nC0o4D8t5ArusRkr0YOu5A0dTlNSCr1aamsvi4JlBjZaZEncAUrlRlGdM3MkCAwEA\nAQKCAgBWlKRA5RA/32Qzgy9ZoRF+WR5h3uIXpfDT4tPfNUxVE+KgnSh5qJl6RPia\nTOHaT39Ic1MmhZP9v3pU/yy9nF4ZrPyQTkNl+7hZYNM7/Xa7w8XqH6sn0zbDvvSw\nbsE+BpI71HDkr+fdtKQ72MwI7mt9lRxL8LAEtjT9AksLKPlVF5YfsJ34sOkwRCa/\nqhJaE5YghxRh5Mwo7xQPIBsZMHJoGBqR9nqjE4rTKkots0d6vnJQ8uvohbuLAkOk\n4lybjmLKHPotR+PPCTX+KxQhXyRKUXFf0hXOPX4GAUSmZctM9WufZllFE7KOfnvW\nlks0UmUtPXYic7v8lsFZFv5rbMLZJ2siXfG1tAB6v5fQGSfLc6zGfTLp1vRJJofs\nJCw6nVhh/eQOcRwBy5XRa/fDar4kUwHYNilJhX6mk5MGxg1cNzd3UbgHM4AiCyA/\nxCK3Uc/lzvs8tE3yrgkAvVVoFbu8aGUUdDg1ARR1oHACTI0B5QzZED0VznmosyOy\nco2v2MptNogcPY5g+SLQL0b50s9jfwYXZm261teRYJT9iVIkVSdPW+kl0cZvrf1q\n6x/4eXMU7Rv4sFml+Q6PNyqWPzWirButIx09Bc1MsjTPy2fpPxtu+1L2bVy5PslO\nEbQkSRjcfGlQAGzeuDREVR0/ja2nxmNneHVy5QWsYOrQaQ2MWQKCAQEA02+AaVHq\nYvDIlg3oSeRrnxO0C+mTV0xr2iXxh6PedYgfV8SgF2M0yPfM3Lu0OhJeuw5CvGmy\npx0bit1Lbkn1A6ApdLF6BI8tG5Wvtv16RuLkwzlG/ndQf8jxH2Wya8sQklCet/Xp\n7dKnCopjd/05Cf6d3YhaAgza9P1AIEOHm6HUs7xzDFvyeVdmIwPqgTO7ffCAA9ww\nxb+ADI3iX34/MvqrRhgZ0aGhvEX+BoerNKnQ3Djo0rbE3sr0c1LQL6C6GtgoxLko\ny6jrGQ/52PtnmoQCAZ1MQRcAnL1uDvQHHVovVxmtN3pDVg7hTxlI5rYMocAUehnM\nBOLi9Nis+AmGSwKCAQEA6G5bmKpWq358W50EFtCUylAj9e9rmfUTADEM9bc/Uowl\nt3FlGMJq6PUwoEjS2ViM5Q+Jr7eit6JT4JFTu0XhhnyKM+sUgIyt7c839XEYKeLH\ntmuoaZBJegmCD52FyMsYoeJSL8WabYf6qNXN5/FeShSfrR3DgnZOSZEpsJGfM/iA\nhi12WcaLoOD1trUJuuMjhX3Ia+sOXtY9nKekYbB6wUMB9nDIe/D3RnSparCO8ZcT\nU7puyULgu5BVnmZ2B81EiUqxayruVJXwxDgkIno+nHh7yj91/IsiGi8ph7fmg5hy\noWhey14zrHfRnsxM7uHYqSGh42EE+3j4d3Lqn3zMuwKCAQB06Gk7UuTjsjlm5uey\nu89aFR3vnEYw9fuIkoRbOJuPpyWVdQ4EAIG2QXYP8uWzWmbwzPDPly4GQwzwmm3T\n3KbSS2PAt0U9ciFB6GFRMBTFTz2oSGpd14E2NthEQQoHmi9eh59LHnkrW9eq91wK\ng4RfZ17ImFUUXyFOZx1m+Y/o2PFwNFn00n5e45mA8PBgYkdgWnOeLsj0/m8CAg3S\nOU8elAXR6w+Tnuh73sOXvrpGk0L+EaWCpTZz7gp+HaMpQpjEsRLRu4O4IH1lzTSb\n6l6dzDIDzILWVq6q+/7326x3aV9VrMffLgY/dljUUKnDj5OqeDeaT9tENGPDeG8j\ncrjDAoIBAHeE6Azk6pRdAk2JvCSPNTOjahp49vfAEfkzP9rKVAF6l5pw8O9+acNI\n8aw6RlIFOs4+4yo8X6vWCROdJ1VRZdrmB5sS8wP3UyjKOZg4g5hmSRQA4CUIUQA0\nC3FEKxtJdG0qF+EA15wjJD3VU4BFmZq2aDV47KQVecRSpQFqoFb1HgHhNs6LThl4\nFGHTTiGP0yA9weXchRM3T49SlTC2syjV8BhtfmpdSoosS0HVcGvCp+mSII3VmgJZ\nAe3l+iOg5fFDO2BEPzG3uIrt44bnHXMQcXdakq0+TlbwkYZ8hkh9B9T/+l7RHfk9\n08i4fYcJE4RFCx4FMa6uUfX6XbONVSkCggEASJeGXdP3OmSf0sLH5ZDFrw0P/B/F\n9119iPxlozfuyu1KQaZNTsGn8KOJ9k78GWBItpO8MZ6eLgAIZj5YvC5HSdGMw45F\nC4EU/DqpmuN0o3e0/lZq12HtypGsyuZlx+g6SDLzPWwNYsImHvyEGZlnRUxBWFBX\nU26rzPdnAXqkmvmObRw/7aAdeYEo6ZIk2MaTbraXtqFBZiQoPlZ41Bv0DYNDvcRc\naPaS4bT+cqTWYkjDBeUaJL/JrC+w588XwpvGjeuTNnH3N4IgwLIcaOgxTFWabYVR\nDgvBNOFpEnSCb4UBN1SrjKBqh5MpUUJZDMZ1+HHncbjvZ2zl321ki7+k4w==\n-----END RSA PRIVATE KEY-----\n",
            "public_key_fingerprint_md5": "28:c0:6f:84:91:93:d3:8d:18:90:59:0f:af:ea:74:2f",
            "public_key_fingerprint_sha256": "SHA256:f41/tZp0rx1c/aB7utHFbK3kxUbQH9PQmeNi4Yk2ZB4",
            "public_key_openssh": "ssh-rsa AAAAB3NzaC1yc2EAAAADAQABAAACAQC/+DHvWQbrZrO459xbzz+nIHNAQf77jG68vHW8soPoymLgqbHMfnoTJQHP/yKek34EJStWh3G2V8DZOrgIzyHqpsteuSI2fKsdcKZDLibYpip9WtRlffhD84gyVSJbJWZx7ou6X3uj4vw+0WuiwqHbClKiax49IX93Ayucm3NmHtN+a+UgthqU+s/uIYSZqW1RwJwc+O7iN5PB4ptRtA6xkirxBpH3tFHi+mqrA6FnysMBIvr0W0lvEPJKgF42hUKbYA1kXRADcEWg6YTPi15vJvRItmnW6AvPJWvBqZQbymBi0jB/DAkYfB02xd2w0XgW40HxkdqfR/RbvVdXLIUFTfHLhtPW0Z5+yEpix/qoezLpMLcobVnQ+6RKRhFU+5GEvKw11ocIVTuoVQggESl4ZJmS6e9FQA4PUeEARzNkvWHSGnrbN5ZwRor8dpCoIc/xO7pF4/kuTY2jB5JqGi+86J6EaYfxbTDf7brhF7p5NMftBYgUXiymBU+Zw87H1tiEuynnyP78wXp0A+lKptZVHhXpER/BTe+OgxqpQzKe7QO9Te4lNUWzf98xmzK//ZPviOf6Mffdk3eUDHBYF0d8tSHFlLUhxUYajEfFS9At1imzxyILSjgPy3kCu6xGSvRg67kDR1OU1IKvVpqay+LgmUGNlpkSdwBSuVGUZ0zcyQ==\n",
            "public_key_pem": "-----BEGIN PUBLIC KEY-----\nMIICIjANBgkqhkiG9w0BAQEFAAOCAg8AMIICCgKCAgEAv/gx71kG62azuOfcW88/\npyBzQEH++4xuvLx1vLKD6Mpi4KmxzH56EyUBz/8inpN+BCUrVodxtlfA2Tq4CM8h\n6qbLXrkiNnyrHXCmQy4m2KYqfVrUZX34Q/OIMlUiWyVmce6Lul97o+L8PtFrosKh\n2wpSomsePSF/dwMrnJtzZh7TfmvlILYalPrP7iGEmaltUcCcHPju4jeTweKbUbQO\nsZIq8QaR97RR4vpqqwOhZ8rDASL69FtJbxDySoBeNoVCm2ANZF0QA3BFoOmEz4te\nbyb0SLZp1ugLzyVrwamUG8pgYtIwfwwJGHwdNsXdsNF4FuNB8ZHan0f0W71XVyyF\nBU3xy4bT1tGefshKYsf6qHsy6TC3KG1Z0PukSkYRVPuRhLysNdaHCFU7qFUIIBEp\neGSZkunvRUAOD1HhAEczZL1h0hp62zeWcEaK/HaQqCHP8Tu6ReP5Lk2NoweSahov\nvOiehGmH8W0w3+264Re6eTTH7QWIFF4spgVPmcPOx9bYhLsp58j+/MF6dAPpSqbW\nVR4V6REfwU3vjoMaqUMynu0DvU3uJTVFs3/fMZsyv/2T74jn+jH33ZN3lAxwWBdH\nfLUhxZS1IcVGGoxHxUvQLdYps8ciC0o4D8t5ArusRkr0YOu5A0dTlNSCr1aamsvi\n4JlBjZaZEncAUrlRlGdM3MkCAwEAAQ==\n-----END PUBLIC KEY-----\n",
            "rsa_bits": 4096
          },
          "sensitive_attributes": [],
          "private": "bnVsbA=="
        }
      ]
    }
  ]
}
